// !$*UTF8*$!
{
	archiveVersion = 1;
	classes = {
	};
	objectVersion = 50;
	objects = {

/* Begin PBXBuildFile section */
		C3C87C5C2503C40400A33DE3 /* AppDelegate.swift in Sources */ = {isa = PBXBuildFile; fileRef = C3C87C5B2503C40400A33DE3 /* AppDelegate.swift */; };
		C3C87C5E2503C40400A33DE3 /* SceneDelegate.swift in Sources */ = {isa = PBXBuildFile; fileRef = C3C87C5D2503C40400A33DE3 /* SceneDelegate.swift */; };
		C3C87C602503C40400A33DE3 /* MainViewController.swift in Sources */ = {isa = PBXBuildFile; fileRef = C3C87C5F2503C40400A33DE3 /* MainViewController.swift */; };
		C3C87C662503C40400A33DE3 /* VIPToDo.xcdatamodeld in Sources */ = {isa = PBXBuildFile; fileRef = C3C87C642503C40400A33DE3 /* VIPToDo.xcdatamodeld */; };
		C3C87C682503C40600A33DE3 /* Assets.xcassets in Resources */ = {isa = PBXBuildFile; fileRef = C3C87C672503C40600A33DE3 /* Assets.xcassets */; };
		C3C87C6B2503C40600A33DE3 /* LaunchScreen.storyboard in Resources */ = {isa = PBXBuildFile; fileRef = C3C87C692503C40600A33DE3 /* LaunchScreen.storyboard */; };
		C3C87C742506490900A33DE3 /* BaseViewController.swift in Sources */ = {isa = PBXBuildFile; fileRef = C3C87C732506490900A33DE3 /* BaseViewController.swift */; };
		C3C87C7625064AAA00A33DE3 /* MainTableViewCell.swift in Sources */ = {isa = PBXBuildFile; fileRef = C3C87C7525064AAA00A33DE3 /* MainTableViewCell.swift */; };
		C3C87C7825064AB200A33DE3 /* BaseTableViewCell.swift in Sources */ = {isa = PBXBuildFile; fileRef = C3C87C7725064AB200A33DE3 /* BaseTableViewCell.swift */; };
		C3C87C7A250650B800A33DE3 /* CoreDataService.swift in Sources */ = {isa = PBXBuildFile; fileRef = C3C87C79250650B800A33DE3 /* CoreDataService.swift */; };
		C3C87C7C250658BC00A33DE3 /* CoreDataError.swift in Sources */ = {isa = PBXBuildFile; fileRef = C3C87C7B250658BC00A33DE3 /* CoreDataError.swift */; };
		C3C87C7E250658D200A33DE3 /* PersistentContainerProvider.swift in Sources */ = {isa = PBXBuildFile; fileRef = C3C87C7D250658D200A33DE3 /* PersistentContainerProvider.swift */; };
		C3C87C81250659AB00A33DE3 /* MainViewInteractor.swift in Sources */ = {isa = PBXBuildFile; fileRef = C3C87C80250659AB00A33DE3 /* MainViewInteractor.swift */; };
		C3C87C8325065BDB00A33DE3 /* MainModel.swift in Sources */ = {isa = PBXBuildFile; fileRef = C3C87C8225065BDB00A33DE3 /* MainModel.swift */; };
		C3C87C8525065C9A00A33DE3 /* MainViewPresenter.swift in Sources */ = {isa = PBXBuildFile; fileRef = C3C87C8425065C9A00A33DE3 /* MainViewPresenter.swift */; };
		C3C87C8725066AE600A33DE3 /* MainWorker.swift in Sources */ = {isa = PBXBuildFile; fileRef = C3C87C8625066AE600A33DE3 /* MainWorker.swift */; };
/* End PBXBuildFile section */

/* Begin PBXFileReference section */
		C3C87C582503C40400A33DE3 /* VIPToDo.app */ = {isa = PBXFileReference; explicitFileType = wrapper.application; includeInIndex = 0; path = VIPToDo.app; sourceTree = BUILT_PRODUCTS_DIR; };
		C3C87C5B2503C40400A33DE3 /* AppDelegate.swift */ = {isa = PBXFileReference; lastKnownFileType = sourcecode.swift; path = AppDelegate.swift; sourceTree = "<group>"; };
		C3C87C5D2503C40400A33DE3 /* SceneDelegate.swift */ = {isa = PBXFileReference; lastKnownFileType = sourcecode.swift; path = SceneDelegate.swift; sourceTree = "<group>"; };
		C3C87C5F2503C40400A33DE3 /* MainViewController.swift */ = {isa = PBXFileReference; lastKnownFileType = sourcecode.swift; path = MainViewController.swift; sourceTree = "<group>"; };
		C3C87C652503C40400A33DE3 /* VIPToDo.xcdatamodel */ = {isa = PBXFileReference; lastKnownFileType = wrapper.xcdatamodel; path = VIPToDo.xcdatamodel; sourceTree = "<group>"; };
		C3C87C672503C40600A33DE3 /* Assets.xcassets */ = {isa = PBXFileReference; lastKnownFileType = folder.assetcatalog; path = Assets.xcassets; sourceTree = "<group>"; };
		C3C87C6A2503C40600A33DE3 /* Base */ = {isa = PBXFileReference; lastKnownFileType = file.storyboard; name = Base; path = Base.lproj/LaunchScreen.storyboard; sourceTree = "<group>"; };
		C3C87C6C2503C40600A33DE3 /* Info.plist */ = {isa = PBXFileReference; lastKnownFileType = text.plist.xml; path = Info.plist; sourceTree = "<group>"; };
		C3C87C732506490900A33DE3 /* BaseViewController.swift */ = {isa = PBXFileReference; lastKnownFileType = sourcecode.swift; path = BaseViewController.swift; sourceTree = "<group>"; };
		C3C87C7525064AAA00A33DE3 /* MainTableViewCell.swift */ = {isa = PBXFileReference; lastKnownFileType = sourcecode.swift; path = MainTableViewCell.swift; sourceTree = "<group>"; };
		C3C87C7725064AB200A33DE3 /* BaseTableViewCell.swift */ = {isa = PBXFileReference; lastKnownFileType = sourcecode.swift; path = BaseTableViewCell.swift; sourceTree = "<group>"; };
		C3C87C79250650B800A33DE3 /* CoreDataService.swift */ = {isa = PBXFileReference; lastKnownFileType = sourcecode.swift; path = CoreDataService.swift; sourceTree = "<group>"; };
		C3C87C7B250658BC00A33DE3 /* CoreDataError.swift */ = {isa = PBXFileReference; lastKnownFileType = sourcecode.swift; path = CoreDataError.swift; sourceTree = "<group>"; };
		C3C87C7D250658D200A33DE3 /* PersistentContainerProvider.swift */ = {isa = PBXFileReference; lastKnownFileType = sourcecode.swift; path = PersistentContainerProvider.swift; sourceTree = "<group>"; };
		C3C87C80250659AB00A33DE3 /* MainViewInteractor.swift */ = {isa = PBXFileReference; lastKnownFileType = sourcecode.swift; path = MainViewInteractor.swift; sourceTree = "<group>"; };
		C3C87C8225065BDB00A33DE3 /* MainModel.swift */ = {isa = PBXFileReference; lastKnownFileType = sourcecode.swift; path = MainModel.swift; sourceTree = "<group>"; };
		C3C87C8425065C9A00A33DE3 /* MainViewPresenter.swift */ = {isa = PBXFileReference; lastKnownFileType = sourcecode.swift; path = MainViewPresenter.swift; sourceTree = "<group>"; };
		C3C87C8625066AE600A33DE3 /* MainWorker.swift */ = {isa = PBXFileReference; lastKnownFileType = sourcecode.swift; path = MainWorker.swift; sourceTree = "<group>"; };
/* End PBXFileReference section */

/* Begin PBXFrameworksBuildPhase section */
		C3C87C552503C40400A33DE3 /* Frameworks */ = {
			isa = PBXFrameworksBuildPhase;
			buildActionMask = 2147483647;
			files = (
			);
			runOnlyForDeploymentPostprocessing = 0;
		};
/* End PBXFrameworksBuildPhase section */

/* Begin PBXGroup section */
		C3C87C4F2503C40400A33DE3 = {
			isa = PBXGroup;
			children = (
				C3C87C5A2503C40400A33DE3 /* VIPToDo */,
				C3C87C592503C40400A33DE3 /* Products */,
			);
			sourceTree = "<group>";
		};
		C3C87C592503C40400A33DE3 /* Products */ = {
			isa = PBXGroup;
			children = (
				C3C87C582503C40400A33DE3 /* VIPToDo.app */,
			);
			name = Products;
			sourceTree = "<group>";
		};
		C3C87C5A2503C40400A33DE3 /* VIPToDo */ = {
			isa = PBXGroup;
			children = (
				C3C87C892506715F00A33DE3 /* CoreData */,
				C3C87C882506715000A33DE3 /* Main */,
				C3C87C7F2506593B00A33DE3 /* Common */,
				C3C87C722503C42500A33DE3 /* Supporting Files */,
			);
			path = VIPToDo;
			sourceTree = "<group>";
		};
		C3C87C722503C42500A33DE3 /* Supporting Files */ = {
			isa = PBXGroup;
			children = (
				C3C87C5B2503C40400A33DE3 /* AppDelegate.swift */,
				C3C87C5D2503C40400A33DE3 /* SceneDelegate.swift */,
				C3C87C672503C40600A33DE3 /* Assets.xcassets */,
				C3C87C692503C40600A33DE3 /* LaunchScreen.storyboard */,
				C3C87C6C2503C40600A33DE3 /* Info.plist */,
				C3C87C642503C40400A33DE3 /* VIPToDo.xcdatamodeld */,
			);
			path = "Supporting Files";
			sourceTree = "<group>";
		};
		C3C87C7F2506593B00A33DE3 /* Common */ = {
			isa = PBXGroup;
			children = (
				C3C87C732506490900A33DE3 /* BaseViewController.swift */,
				C3C87C7725064AB200A33DE3 /* BaseTableViewCell.swift */,
			);
			path = Common;
			sourceTree = "<group>";
		};
		C3C87C882506715000A33DE3 /* Main */ = {
			isa = PBXGroup;
			children = (
				C3C87C5F2503C40400A33DE3 /* MainViewController.swift */,
				C3C87C80250659AB00A33DE3 /* MainViewInteractor.swift */,
				C3C87C8625066AE600A33DE3 /* MainWorker.swift */,
				C3C87C8425065C9A00A33DE3 /* MainViewPresenter.swift */,
				C3C87C8225065BDB00A33DE3 /* MainModel.swift */,
				C3C87C7525064AAA00A33DE3 /* MainTableViewCell.swift */,
			);
			path = Main;
			sourceTree = "<group>";
		};
		C3C87C892506715F00A33DE3 /* CoreData */ = {
			isa = PBXGroup;
			children = (
				C3C87C79250650B800A33DE3 /* CoreDataService.swift */,
				C3C87C7B250658BC00A33DE3 /* CoreDataError.swift */,
				C3C87C7D250658D200A33DE3 /* PersistentContainerProvider.swift */,
			);
			path = CoreData;
			sourceTree = "<group>";
		};
/* End PBXGroup section */

/* Begin PBXNativeTarget section */
		C3C87C572503C40400A33DE3 /* VIPToDo */ = {
			isa = PBXNativeTarget;
			buildConfigurationList = C3C87C6F2503C40600A33DE3 /* Build configuration list for PBXNativeTarget "VIPToDo" */;
			buildPhases = (
				C3C87C542503C40400A33DE3 /* Sources */,
				C3C87C552503C40400A33DE3 /* Frameworks */,
				C3C87C562503C40400A33DE3 /* Resources */,
			);
			buildRules = (
			);
			dependencies = (
			);
			name = VIPToDo;
			productName = VIPToDo;
			productReference = C3C87C582503C40400A33DE3 /* VIPToDo.app */;
			productType = "com.apple.product-type.application";
		};
/* End PBXNativeTarget section */

/* Begin PBXProject section */
		C3C87C502503C40400A33DE3 /* Project object */ = {
			isa = PBXProject;
			attributes = {
				LastSwiftUpdateCheck = 1170;
				LastUpgradeCheck = 1170;
				ORGANIZATIONNAME = Seokho;
				TargetAttributes = {
					C3C87C572503C40400A33DE3 = {
						CreatedOnToolsVersion = 11.7;
					};
				};
			};
			buildConfigurationList = C3C87C532503C40400A33DE3 /* Build configuration list for PBXProject "VIPToDo" */;
			compatibilityVersion = "Xcode 9.3";
			developmentRegion = en;
			hasScannedForEncodings = 0;
			knownRegions = (
				en,
				Base,
			);
			mainGroup = C3C87C4F2503C40400A33DE3;
			productRefGroup = C3C87C592503C40400A33DE3 /* Products */;
			projectDirPath = "";
			projectRoot = "";
			targets = (
				C3C87C572503C40400A33DE3 /* VIPToDo */,
			);
		};
/* End PBXProject section */

/* Begin PBXResourcesBuildPhase section */
		C3C87C562503C40400A33DE3 /* Resources */ = {
			isa = PBXResourcesBuildPhase;
			buildActionMask = 2147483647;
			files = (
				C3C87C6B2503C40600A33DE3 /* LaunchScreen.storyboard in Resources */,
				C3C87C682503C40600A33DE3 /* Assets.xcassets in Resources */,
			);
			runOnlyForDeploymentPostprocessing = 0;
		};
/* End PBXResourcesBuildPhase section */

/* Begin PBXSourcesBuildPhase section */
		C3C87C542503C40400A33DE3 /* Sources */ = {
			isa = PBXSourcesBuildPhase;
			buildActionMask = 2147483647;
			files = (
				C3C87C742506490900A33DE3 /* BaseViewController.swift in Sources */,
				C3C87C602503C40400A33DE3 /* MainViewController.swift in Sources */,
				C3C87C7625064AAA00A33DE3 /* MainTableViewCell.swift in Sources */,
				C3C87C662503C40400A33DE3 /* VIPToDo.xcdatamodeld in Sources */,
				C3C87C7A250650B800A33DE3 /* CoreDataService.swift in Sources */,
				C3C87C7C250658BC00A33DE3 /* CoreDataError.swift in Sources */,
				C3C87C7825064AB200A33DE3 /* BaseTableViewCell.swift in Sources */,
				C3C87C81250659AB00A33DE3 /* MainViewInteractor.swift in Sources */,
				C3C87C8525065C9A00A33DE3 /* MainViewPresenter.swift in Sources */,
				C3C87C7E250658D200A33DE3 /* PersistentContainerProvider.swift in Sources */,
				C3C87C5C2503C40400A33DE3 /* AppDelegate.swift in Sources */,
				C3C87C5E2503C40400A33DE3 /* SceneDelegate.swift in Sources */,
				C3C87C8725066AE600A33DE3 /* MainWorker.swift in Sources */,
				C3C87C8325065BDB00A33DE3 /* MainModel.swift in Sources */,
			);
			runOnlyForDeploymentPostprocessing = 0;
		};
/* End PBXSourcesBuildPhase section */

/* Begin PBXVariantGroup section */
		C3C87C692503C40600A33DE3 /* LaunchScreen.storyboard */ = {
			isa = PBXVariantGroup;
			children = (
				C3C87C6A2503C40600A33DE3 /* Base */,
			);
			name = LaunchScreen.storyboard;
			sourceTree = "<group>";
		};
/* End PBXVariantGroup section */

/* Begin XCBuildConfiguration section */
		C3C87C6D2503C40600A33DE3 /* Debug */ = {
			isa = XCBuildConfiguration;
			buildSettings = {
				ALWAYS_SEARCH_USER_PATHS = NO;
				CLANG_ANALYZER_NONNULL = YES;
				CLANG_ANALYZER_NUMBER_OBJECT_CONVERSION = YES_AGGRESSIVE;
				CLANG_CXX_LANGUAGE_STANDARD = "gnu++14";
				CLANG_CXX_LIBRARY = "libc++";
				CLANG_ENABLE_MODULES = YES;
				CLANG_ENABLE_OBJC_ARC = YES;
				CLANG_ENABLE_OBJC_WEAK = YES;
				CLANG_WARN_BLOCK_CAPTURE_AUTORELEASING = YES;
				CLANG_WARN_BOOL_CONVERSION = YES;
				CLANG_WARN_COMMA = YES;
				CLANG_WARN_CONSTANT_CONVERSION = YES;
				CLANG_WARN_DEPRECATED_OBJC_IMPLEMENTATIONS = YES;
				CLANG_WARN_DIRECT_OBJC_ISA_USAGE = YES_ERROR;
				CLANG_WARN_DOCUMENTATION_COMMENTS = YES;
				CLANG_WARN_EMPTY_BODY = YES;
				CLANG_WARN_ENUM_CONVERSION = YES;
				CLANG_WARN_INFINITE_RECURSION = YES;
				CLANG_WARN_INT_CONVERSION = YES;
				CLANG_WARN_NON_LITERAL_NULL_CONVERSION = YES;
				CLANG_WARN_OBJC_IMPLICIT_RETAIN_SELF = YES;
				CLANG_WARN_OBJC_LITERAL_CONVERSION = YES;
				CLANG_WARN_OBJC_ROOT_CLASS = YES_ERROR;
				CLANG_WARN_RANGE_LOOP_ANALYSIS = YES;
				CLANG_WARN_STRICT_PROTOTYPES = YES;
				CLANG_WARN_SUSPICIOUS_MOVE = YES;
				CLANG_WARN_UNGUARDED_AVAILABILITY = YES_AGGRESSIVE;
				CLANG_WARN_UNREACHABLE_CODE = YES;
				CLANG_WARN__DUPLICATE_METHOD_MATCH = YES;
				COPY_PHASE_STRIP = NO;
				DEBUG_INFORMATION_FORMAT = dwarf;
				ENABLE_STRICT_OBJC_MSGSEND = YES;
				ENABLE_TESTABILITY = YES;
				GCC_C_LANGUAGE_STANDARD = gnu11;
				GCC_DYNAMIC_NO_PIC = NO;
				GCC_NO_COMMON_BLOCKS = YES;
				GCC_OPTIMIZATION_LEVEL = 0;
				GCC_PREPROCESSOR_DEFINITIONS = (
					"DEBUG=1",
					"$(inherited)",
				);
				GCC_WARN_64_TO_32_BIT_CONVERSION = YES;
				GCC_WARN_ABOUT_RETURN_TYPE = YES_ERROR;
				GCC_WARN_UNDECLARED_SELECTOR = YES;
				GCC_WARN_UNINITIALIZED_AUTOS = YES_AGGRESSIVE;
				GCC_WARN_UNUSED_FUNCTION = YES;
				GCC_WARN_UNUSED_VARIABLE = YES;
				IPHONEOS_DEPLOYMENT_TARGET = 13.7;
				MTL_ENABLE_DEBUG_INFO = INCLUDE_SOURCE;
				MTL_FAST_MATH = YES;
				ONLY_ACTIVE_ARCH = YES;
				SDKROOT = iphoneos;
				SWIFT_ACTIVE_COMPILATION_CONDITIONS = DEBUG;
				SWIFT_OPTIMIZATION_LEVEL = "-Onone";
			};
			name = Debug;
		};
		C3C87C6E2503C40600A33DE3 /* Release */ = {
			isa = XCBuildConfiguration;
			buildSettings = {
				ALWAYS_SEARCH_USER_PATHS = NO;
				CLANG_ANALYZER_NONNULL = YES;
				CLANG_ANALYZER_NUMBER_OBJECT_CONVERSION = YES_AGGRESSIVE;
				CLANG_CXX_LANGUAGE_STANDARD = "gnu++14";
				CLANG_CXX_LIBRARY = "libc++";
				CLANG_ENABLE_MODULES = YES;
				CLANG_ENABLE_OBJC_ARC = YES;
				CLANG_ENABLE_OBJC_WEAK = YES;
				CLANG_WARN_BLOCK_CAPTURE_AUTORELEASING = YES;
				CLANG_WARN_BOOL_CONVERSION = YES;
				CLANG_WARN_COMMA = YES;
				CLANG_WARN_CONSTANT_CONVERSION = YES;
				CLANG_WARN_DEPRECATED_OBJC_IMPLEMENTATIONS = YES;
				CLANG_WARN_DIRECT_OBJC_ISA_USAGE = YES_ERROR;
				CLANG_WARN_DOCUMENTATION_COMMENTS = YES;
				CLANG_WARN_EMPTY_BODY = YES;
				CLANG_WARN_ENUM_CONVERSION = YES;
				CLANG_WARN_INFINITE_RECURSION = YES;
				CLANG_WARN_INT_CONVERSION = YES;
				CLANG_WARN_NON_LITERAL_NULL_CONVERSION = YES;
				CLANG_WARN_OBJC_IMPLICIT_RETAIN_SELF = YES;
				CLANG_WARN_OBJC_LITERAL_CONVERSION = YES;
				CLANG_WARN_OBJC_ROOT_CLASS = YES_ERROR;
				CLANG_WARN_RANGE_LOOP_ANALYSIS = YES;
				CLANG_WARN_STRICT_PROTOTYPES = YES;
				CLANG_WARN_SUSPICIOUS_MOVE = YES;
				CLANG_WARN_UNGUARDED_AVAILABILITY = YES_AGGRESSIVE;
				CLANG_WARN_UNREACHABLE_CODE = YES;
				CLANG_WARN__DUPLICATE_METHOD_MATCH = YES;
				COPY_PHASE_STRIP = NO;
				DEBUG_INFORMATION_FORMAT = "dwarf-with-dsym";
				ENABLE_NS_ASSERTIONS = NO;
				ENABLE_STRICT_OBJC_MSGSEND = YES;
				GCC_C_LANGUAGE_STANDARD = gnu11;
				GCC_NO_COMMON_BLOCKS = YES;
				GCC_WARN_64_TO_32_BIT_CONVERSION = YES;
				GCC_WARN_ABOUT_RETURN_TYPE = YES_ERROR;
				GCC_WARN_UNDECLARED_SELECTOR = YES;
				GCC_WARN_UNINITIALIZED_AUTOS = YES_AGGRESSIVE;
				GCC_WARN_UNUSED_FUNCTION = YES;
				GCC_WARN_UNUSED_VARIABLE = YES;
				IPHONEOS_DEPLOYMENT_TARGET = 13.7;
				MTL_ENABLE_DEBUG_INFO = NO;
				MTL_FAST_MATH = YES;
				SDKROOT = iphoneos;
				SWIFT_COMPILATION_MODE = wholemodule;
				SWIFT_OPTIMIZATION_LEVEL = "-O";
				VALIDATE_PRODUCT = YES;
			};
			name = Release;
		};
		C3C87C702503C40600A33DE3 /* Debug */ = {
			isa = XCBuildConfiguration;
			buildSettings = {
				ASSETCATALOG_COMPILER_APPICON_NAME = AppIcon;
				CODE_SIGN_STYLE = Automatic;
				DEVELOPMENT_TEAM = 5BY5MQ6875;
				INFOPLIST_FILE = "VIPToDo/Supporting Files/Info.plist";
				LD_RUNPATH_SEARCH_PATHS = (
					"$(inherited)",
					"@executable_path/Frameworks",
				);
				PRODUCT_BUNDLE_IDENTIFIER = com.seokho.app.VIPToDo;
				PRODUCT_NAME = "$(TARGET_NAME)";
				SWIFT_VERSION = 5.0;
				TARGETED_DEVICE_FAMILY = "1,2";
			};
			name = Debug;
		};
		C3C87C712503C40600A33DE3 /* Release */ = {
			isa = XCBuildConfiguration;
			buildSettings = {
				ASSETCATALOG_COMPILER_APPICON_NAME = AppIcon;
				CODE_SIGN_STYLE = Automatic;
				DEVELOPMENT_TEAM = 5BY5MQ6875;
				INFOPLIST_FILE = "VIPToDo/Supporting Files/Info.plist";
				LD_RUNPATH_SEARCH_PATHS = (
					"$(inherited)",
					"@executable_path/Frameworks",
				);
				PRODUCT_BUNDLE_IDENTIFIER = com.seokho.app.VIPToDo;
				PRODUCT_NAME = "$(TARGET_NAME)";
				SWIFT_VERSION = 5.0;
				TARGETED_DEVICE_FAMILY = "1,2";
			};
			name = Release;
		};
/* End XCBuildConfiguration section */

/* Begin XCConfigurationList section */
		C3C87C532503C40400A33DE3 /* Build configuration list for PBXProject "VIPToDo" */ = {
			isa = XCConfigurationList;
			buildConfigurations = (
				C3C87C6D2503C40600A33DE3 /* Debug */,
				C3C87C6E2503C40600A33DE3 /* Release */,
			);
			defaultConfigurationIsVisible = 0;
			defaultConfigurationName = Release;
		};
		C3C87C6F2503C40600A33DE3 /* Build configuration list for PBXNativeTarget "VIPToDo" */ = {
			isa = XCConfigurationList;
			buildConfigurations = (
				C3C87C702503C40600A33DE3 /* Debug */,
				C3C87C712503C40600A33DE3 /* Release */,
			);
			defaultConfigurationIsVisible = 0;
			defaultConfigurationName = Release;
		};
/* End XCConfigurationList section */

/* Begin XCVersionGroup section */
		C3C87C642503C40400A33DE3 /* VIPToDo.xcdatamodeld */ = {
			isa = XCVersionGroup;
			children = (
				C3C87C652503C40400A33DE3 /* VIPToDo.xcdatamodel */,
			);
			currentVersion = C3C87C652503C40400A33DE3 /* VIPToDo.xcdatamodel */;
			path = VIPToDo.xcdatamodeld;
			sourceTree = "<group>";
			versionGroupType = wrapper.xcdatamodel;
		};
/* End XCVersionGroup section */
	};
	rootObject = C3C87C502503C40400A33DE3 /* Project object */;
}
